
Microsoft Visual Studio Solution File, Format Version 12.00
# Visual Studio Version 17
VisualStudioVersion = 17.14.36414.22
MinimumVisualStudioVersion = 10.0.40219.1
Project("{FAE04EC0-301F-11D3-BF4B-00C04F79EFBC}") = "Minesweeper Main", "WinFormsApp1\Minesweeper Main.csproj", "{1D1112F2-A493-48A7-B282-63C3E9499E31}"
EndProject
Project("{54435603-DBB4-11D2-8724-00A0C9A8B90C}") = "minesweeper Setup", "minesweeper Setup\minesweeper Setup.vdproj", "{4BE274E8-147D-C473-B789-20961FCFF67B}"
EndProject
Global
	GlobalSection(SolutionConfigurationPlatforms) = preSolution
		Debug|Any CPU = Debug|Any CPU
		Release|Any CPU = Release|Any CPU
	EndGlobalSection
	GlobalSection(ProjectConfigurationPlatforms) = postSolution
		{1D1112F2-A493-48A7-B282-63C3E9499E31}.Debug|Any CPU.ActiveCfg = Debug|Any CPU
		{1D1112F2-A493-48A7-B282-63C3E9499E31}.Debug|Any CPU.Build.0 = Debug|Any CPU
		{1D1112F2-A493-48A7-B282-63C3E9499E31}.Release|Any CPU.ActiveCfg = Release|Any CPU
		{1D1112F2-A493-48A7-B282-63C3E9499E31}.Release|Any CPU.Build.0 = Release|Any CPU
		{4BE274E8-147D-C473-B789-20961FCFF67B}.Debug|Any CPU.ActiveCfg = Debug
		{4BE274E8-147D-C473-B789-20961FCFF67B}.Release|Any CPU.ActiveCfg = Release
	EndGlobalSection
	GlobalSection(SolutionProperties) = preSolution
		HideSolutionNode = FALSE
	EndGlobalSection
	GlobalSection(ExtensibilityGlobals) = postSolution
		SolutionGuid = {584381E6-B88C-4D46-A9D6-8502B434A340}
	EndGlobalSection
EndGlobal
